
Microsoft Visual Studio Solution File, Format Version 12.00
# Visual Studio 15
VisualStudioVersion = 15.0.27428.2043
MinimumVisualStudioVersion = 10.0.40219.1
Project("{FAE04EC0-301F-11D3-BF4B-00C04F79EFBC}") = "PAW.Tarea2", "PAW.Tarea2\PAW.Tarea2.csproj", "{4982AF88-F842-41D1-A0FC-06835D4B5B53}"
EndProject
Project("{FAE04EC0-301F-11D3-BF4B-00C04F79EFBC}") = "PAW.Tarea2.Service", "PAW.Tarea2.Service\PAW.Tarea2.Service.csproj", "{27813FC8-36B9-41F0-B65C-BA1D48A0FAD4}"
EndProject
Project("{FAE04EC0-301F-11D3-BF4B-00C04F79EFBC}") = "PAW.Tarea2.CalculadoraTest", "CalculadoraTest\PAW.Tarea2.CalculadoraTest.csproj", "{4A37675E-8B14-4B36-90BA-D53F2BD9D043}"
EndProject
Project("{FAE04EC0-301F-11D3-BF4B-00C04F79EFBC}") = "PAW.Tarea2.Test", "PAW.Tarea2.Test\PAW.Tarea2.Test.csproj", "{D5321D77-A18A-4C58-A959-80D6A0A1042E}"
EndProject
Global
	GlobalSection(SolutionConfigurationPlatforms) = preSolution
		Debug|Any CPU = Debug|Any CPU
		Release|Any CPU = Release|Any CPU
	EndGlobalSection
	GlobalSection(ProjectConfigurationPlatforms) = postSolution
		{4982AF88-F842-41D1-A0FC-06835D4B5B53}.Debug|Any CPU.ActiveCfg = Debug|Any CPU
		{4982AF88-F842-41D1-A0FC-06835D4B5B53}.Debug|Any CPU.Build.0 = Debug|Any CPU
		{4982AF88-F842-41D1-A0FC-06835D4B5B53}.Release|Any CPU.ActiveCfg = Release|Any CPU
		{4982AF88-F842-41D1-A0FC-06835D4B5B53}.Release|Any CPU.Build.0 = Release|Any CPU
		{27813FC8-36B9-41F0-B65C-BA1D48A0FAD4}.Debug|Any CPU.ActiveCfg = Debug|Any CPU
		{27813FC8-36B9-41F0-B65C-BA1D48A0FAD4}.Debug|Any CPU.Build.0 = Debug|Any CPU
		{27813FC8-36B9-41F0-B65C-BA1D48A0FAD4}.Release|Any CPU.ActiveCfg = Release|Any CPU
		{27813FC8-36B9-41F0-B65C-BA1D48A0FAD4}.Release|Any CPU.Build.0 = Release|Any CPU
		{4A37675E-8B14-4B36-90BA-D53F2BD9D043}.Debug|Any CPU.ActiveCfg = Debug|Any CPU
		{4A37675E-8B14-4B36-90BA-D53F2BD9D043}.Debug|Any CPU.Build.0 = Debug|Any CPU
		{4A37675E-8B14-4B36-90BA-D53F2BD9D043}.Release|Any CPU.ActiveCfg = Release|Any CPU
		{4A37675E-8B14-4B36-90BA-D53F2BD9D043}.Release|Any CPU.Build.0 = Release|Any CPU
		{D5321D77-A18A-4C58-A959-80D6A0A1042E}.Debug|Any CPU.ActiveCfg = Debug|Any CPU
		{D5321D77-A18A-4C58-A959-80D6A0A1042E}.Debug|Any CPU.Build.0 = Debug|Any CPU
		{D5321D77-A18A-4C58-A959-80D6A0A1042E}.Release|Any CPU.ActiveCfg = Release|Any CPU
		{D5321D77-A18A-4C58-A959-80D6A0A1042E}.Release|Any CPU.Build.0 = Release|Any CPU
	EndGlobalSection
	GlobalSection(SolutionProperties) = preSolution
		HideSolutionNode = FALSE
	EndGlobalSection
	GlobalSection(ExtensibilityGlobals) = postSolution
		SolutionGuid = {896348E7-9FCE-485B-8DBB-6A620C30C664}
	EndGlobalSection
EndGlobal
